# This file is autogenerated, do not edit; changes may be undone by the next 'dep ensure'.


[[projects]]
  name = "github.com/oleiade/lane"
  packages = ["."]
  revision = "28f7c3f09254f12b51e620fa4db136ba58804762"
  version = "v1.0.0"

[solve-meta]
  analyzer-name = "dep"
  analyzer-version = 1
  inputs-digest = "b05cec24d10b7a9f3fb04e8dfeae697084fc0e13c3a9af81092a92717434669c"
  solver-name = "gps-cdcl"
  solver-version = 1
